
Microsoft Visual Studio Solution File, Format Version 12.00
# Visual Studio Version 17
VisualStudioVersion = 17.7.34031.279
MinimumVisualStudioVersion = 10.0.40219.1
Project("{FAE04EC0-301F-11D3-BF4B-00C04F79EFBC}") = "PlaywrightTesting", "PlaywrightTesting\PlaywrightTesting.csproj", "{C8F8D771-089D-4B8E-A9AF-8E6D332B8A69}"
EndProject
Global
	GlobalSection(SolutionConfigurationPlatforms) = preSolution
		Debug|Any CPU = Debug|Any CPU
		Release|Any CPU = Release|Any CPU
	EndGlobalSection
	GlobalSection(ProjectConfigurationPlatforms) = postSolution
		{C8F8D771-089D-4B8E-A9AF-8E6D332B8A69}.Debug|Any CPU.ActiveCfg = Debug|Any CPU
		{C8F8D771-089D-4B8E-A9AF-8E6D332B8A69}.Debug|Any CPU.Build.0 = Debug|Any CPU
		{C8F8D771-089D-4B8E-A9AF-8E6D332B8A69}.Release|Any CPU.ActiveCfg = Release|Any CPU
		{C8F8D771-089D-4B8E-A9AF-8E6D332B8A69}.Release|Any CPU.Build.0 = Release|Any CPU
	EndGlobalSection
	GlobalSection(SolutionProperties) = preSolution
		HideSolutionNode = FALSE
	EndGlobalSection
	GlobalSection(ExtensibilityGlobals) = postSolution
		SolutionGuid = {D46E729F-0C45-482D-8573-F7D2C74F24BC}
	EndGlobalSection
EndGlobal
